
Microsoft Visual Studio Solution File, Format Version 12.00
# Visual Studio Version 17
VisualStudioVersion = 17.14.36401.2 d17.14
MinimumVisualStudioVersion = 10.0.40219.1
Project("{FAE04EC0-301F-11D3-BF4B-00C04F79EFBC}") = "NilaiSiswaApp", "NilaiSiswaApp\NilaiSiswaApp.csproj", "{831BB2C9-106D-447B-860B-A130628EB54C}"
EndProject
Global
	GlobalSection(SolutionConfigurationPlatforms) = preSolution
		Debug|Any CPU = Debug|Any CPU
		Release|Any CPU = Release|Any CPU
	EndGlobalSection
	GlobalSection(ProjectConfigurationPlatforms) = postSolution
		{831BB2C9-106D-447B-860B-A130628EB54C}.Debug|Any CPU.ActiveCfg = Debug|Any CPU
		{831BB2C9-106D-447B-860B-A130628EB54C}.Debug|Any CPU.Build.0 = Debug|Any CPU
		{831BB2C9-106D-447B-860B-A130628EB54C}.Release|Any CPU.ActiveCfg = Release|Any CPU
		{831BB2C9-106D-447B-860B-A130628EB54C}.Release|Any CPU.Build.0 = Release|Any CPU
	EndGlobalSection
	GlobalSection(SolutionProperties) = preSolution
		HideSolutionNode = FALSE
	EndGlobalSection
	GlobalSection(ExtensibilityGlobals) = postSolution
		SolutionGuid = {5A9D4A46-8C5F-4C2E-B9EF-E2944C1FC82A}
	EndGlobalSection
EndGlobal
